{
    "_meta": {
        "hash": {
            "sha256": "5a9a7e6fe16cfb3411e79584934262558cc10fa6c8e90a95017452f1ee58ad03"
        },
        "host-environment-markers": {
            "implementation_name": "cpython",
            "implementation_version": "3.4.3",
            "os_name": "posix",
            "platform_machine": "x86_64",
            "platform_python_implementation": "CPython",
            "platform_release": "3.19.0-42-generic",
            "platform_system": "Linux",
            "platform_version": "#48~14.04.1-Ubuntu SMP Fri Dec 18 10:24:49 UTC 2015",
            "python_full_version": "3.4.3",
            "python_version": "3.4",
            "sys_platform": "linux"
        },
        "pipfile-spec": 6,
        "requires": {},
        "sources": [
            {
                "name": "pypi",
                "url": "https://pypi.python.org/simple",
                "verify_ssl": true
            }
        ]
    },
    "default": {
        "python-xlib": {
            "hashes": [
                "sha256:ae343ad036f2ed5b718ece9ff74c30074a0c890d8062ca32b044c54f17e7ab31",
                "sha256:6c61c6424d7861fe50279e5ff574481f4a9a0ea9c79eb0191aa5f5b3d4471c30"
            ],
            "version": "==0.20"
        },
        "pyuserinput": {
            "hashes": [
                "sha256:61d9c0e81331b02efa5c62c6fb9416675ae79fbd00a3e12eaa8274b103446857",
                "sha256:006b5ed06cf740eeeb2c7221e1cb8dc5ae35f16267e41262bfb0e7cfdca7fb2b"
            ],
            "version": "==0.1.11"
        },
        "six": {
            "hashes": [
                "sha256:832dc0e10feb1aa2c68dcc57dbb658f1c7e65b9b61af69048abc87a2db00a0eb",
                "sha256:70e8a77beed4562e7f14fe23a786b54f6296e34344c23bc42f07b15018ff98e9"
            ],
            "version": "==1.11.0"
        }
    },
    "develop": {}
}
